// !$*UTF8*$!
{
	archiveVersion = 1;
	classes = {
	};
	objectVersion = 46;
	objects = {

/* Begin PBXBuildFile section */
		5E7C4D261B2A0DED00914548 /* AppDelegate.swift in Sources */ = {isa = PBXBuildFile; fileRef = 5E7C4D251B2A0DED00914548 /* AppDelegate.swift */; };
		5E7C4D281B2A0DED00914548 /* ViewController.swift in Sources */ = {isa = PBXBuildFile; fileRef = 5E7C4D271B2A0DED00914548 /* ViewController.swift */; };
		5E7C4D2B1B2A0DED00914548 /* Main.storyboard in Resources */ = {isa = PBXBuildFile; fileRef = 5E7C4D291B2A0DED00914548 /* Main.storyboard */; };
		5E7C4D2D1B2A0DED00914548 /* Images.xcassets in Resources */ = {isa = PBXBuildFile; fileRef = 5E7C4D2C1B2A0DED00914548 /* Images.xcassets */; };
		5E7C4D3C1B2A0DED00914548 /* Is_It_PrimeTests.swift in Sources */ = {isa = PBXBuildFile; fileRef = 5E7C4D3B1B2A0DED00914548 /* Is_It_PrimeTests.swift */; };
		5E7C4D461B2A20FE00914548 /* Launch Screen.xib in Resources */ = {isa = PBXBuildFile; fileRef = 5E7C4D451B2A20FE00914548 /* Launch Screen.xib */; };
/* End PBXBuildFile section */

/* Begin PBXContainerItemProxy section */
		5E7C4D361B2A0DED00914548 /* PBXContainerItemProxy */ = {
			isa = PBXContainerItemProxy;
			containerPortal = 5E7C4D181B2A0DED00914548 /* Project object */;
			proxyType = 1;
			remoteGlobalIDString = 5E7C4D1F1B2A0DED00914548;
			remoteInfo = "Is It Prime";
		};
/* End PBXContainerItemProxy section */

/* Begin PBXFileReference section */
		5E7C4D201B2A0DED00914548 /* Is It Prime.app */ = {isa = PBXFileReference; explicitFileType = wrapper.application; includeInIndex = 0; path = "Is It Prime.app"; sourceTree = BUILT_PRODUCTS_DIR; };
		5E7C4D241B2A0DED00914548 /* Info.plist */ = {isa = PBXFileReference; lastKnownFileType = text.plist.xml; path = Info.plist; sourceTree = "<group>"; };
		5E7C4D251B2A0DED00914548 /* AppDelegate.swift */ = {isa = PBXFileReference; lastKnownFileType = sourcecode.swift; path = AppDelegate.swift; sourceTree = "<group>"; };
		5E7C4D271B2A0DED00914548 /* ViewController.swift */ = {isa = PBXFileReference; lastKnownFileType = sourcecode.swift; path = ViewController.swift; sourceTree = "<group>"; };
		5E7C4D2A1B2A0DED00914548 /* Base */ = {isa = PBXFileReference; lastKnownFileType = file.storyboard; name = Base; path = Base.lproj/Main.storyboard; sourceTree = "<group>"; };
		5E7C4D2C1B2A0DED00914548 /* Images.xcassets */ = {isa = PBXFileReference; lastKnownFileType = folder.assetcatalog; path = Images.xcassets; sourceTree = "<group>"; };
		5E7C4D351B2A0DED00914548 /* Is It PrimeTests.xctest */ = {isa = PBXFileReference; explicitFileType = wrapper.cfbundle; includeInIndex = 0; path = "Is It PrimeTests.xctest"; sourceTree = BUILT_PRODUCTS_DIR; };
		5E7C4D3A1B2A0DED00914548 /* Info.plist */ = {isa = PBXFileReference; lastKnownFileType = text.plist.xml; path = Info.plist; sourceTree = "<group>"; };
		5E7C4D3B1B2A0DED00914548 /* Is_It_PrimeTests.swift */ = {isa = PBXFileReference; lastKnownFileType = sourcecode.swift; path = Is_It_PrimeTests.swift; sourceTree = "<group>"; };
		5E7C4D451B2A20FE00914548 /* Launch Screen.xib */ = {isa = PBXFileReference; fileEncoding = 4; lastKnownFileType = file.xib; path = "Launch Screen.xib"; sourceTree = "<group>"; };
/* End PBXFileReference section */

/* Begin PBXFrameworksBuildPhase section */
		5E7C4D1D1B2A0DED00914548 /* Frameworks */ = {
			isa = PBXFrameworksBuildPhase;
			buildActionMask = 2147483647;
			files = (
			);
			runOnlyForDeploymentPostprocessing = 0;
		};
		5E7C4D321B2A0DED00914548 /* Frameworks */ = {
			isa = PBXFrameworksBuildPhase;
			buildActionMask = 2147483647;
			files = (
			);
			runOnlyForDeploymentPostprocessing = 0;
		};
/* End PBXFrameworksBuildPhase section */

/* Begin PBXGroup section */
		5E7C4D171B2A0DED00914548 = {
			isa = PBXGroup;
			children = (
				5E7C4D221B2A0DED00914548 /* Is It Prime */,
				5E7C4D381B2A0DED00914548 /* Is It PrimeTests */,
				5E7C4D211B2A0DED00914548 /* Products */,
			);
			sourceTree = "<group>";
		};
		5E7C4D211B2A0DED00914548 /* Products */ = {
			isa = PBXGroup;
			children = (
				5E7C4D201B2A0DED00914548 /* Is It Prime.app */,
				5E7C4D351B2A0DED00914548 /* Is It PrimeTests.xctest */,
			);
			name = Products;
			sourceTree = "<group>";
		};
		5E7C4D221B2A0DED00914548 /* Is It Prime */ = {
			isa = PBXGroup;
			children = (
				5E7C4D251B2A0DED00914548 /* AppDelegate.swift */,
				5E7C4D271B2A0DED00914548 /* ViewController.swift */,
				5E7C4D291B2A0DED00914548 /* Main.storyboard */,
				5E7C4D2C1B2A0DED00914548 /* Images.xcassets */,
				5E7C4D451B2A20FE00914548 /* Launch Screen.xib */,
				5E7C4D231B2A0DED00914548 /* Supporting Files */,
			);
			path = "Is It Prime";
			sourceTree = "<group>";
		};
		5E7C4D231B2A0DED00914548 /* Supporting Files */ = {
			isa = PBXGroup;
			children = (
				5E7C4D241B2A0DED00914548 /* Info.plist */,
			);
			name = "Supporting Files";
			sourceTree = "<group>";
		};
		5E7C4D381B2A0DED00914548 /* Is It PrimeTests */ = {
			isa = PBXGroup;
			children = (
				5E7C4D3B1B2A0DED00914548 /* Is_It_PrimeTests.swift */,
				5E7C4D391B2A0DED00914548 /* Supporting Files */,
			);
			path = "Is It PrimeTests";
			sourceTree = "<group>";
		};
		5E7C4D391B2A0DED00914548 /* Supporting Files */ = {
			isa = PBXGroup;
			children = (
				5E7C4D3A1B2A0DED00914548 /* Info.plist */,
			);
			name = "Supporting Files";
			sourceTree = "<group>";
		};
/* End PBXGroup section */

/* Begin PBXNativeTarget section */
		5E7C4D1F1B2A0DED00914548 /* Is It Prime */ = {
			isa = PBXNativeTarget;
			buildConfigurationList = 5E7C4D3F1B2A0DED00914548 /* Build configuration list for PBXNativeTarget "Is It Prime" */;
			buildPhases = (
				5E7C4D1C1B2A0DED00914548 /* Sources */,
				5E7C4D1D1B2A0DED00914548 /* Frameworks */,
				5E7C4D1E1B2A0DED00914548 /* Resources */,
			);
			buildRules = (
			);
			dependencies = (
			);
			name = "Is It Prime";
			productName = "Is It Prime";
			productReference = 5E7C4D201B2A0DED00914548 /* Is It Prime.app */;
			productType = "com.apple.product-type.application";
		};
		5E7C4D341B2A0DED00914548 /* Is It PrimeTests */ = {
			isa = PBXNativeTarget;
			buildConfigurationList = 5E7C4D421B2A0DED00914548 /* Build configuration list for PBXNativeTarget "Is It PrimeTests" */;
			buildPhases = (
				5E7C4D311B2A0DED00914548 /* Sources */,
				5E7C4D321B2A0DED00914548 /* Frameworks */,
				5E7C4D331B2A0DED00914548 /* Resources */,
			);
			buildRules = (
			);
			dependencies = (
				5E7C4D371B2A0DED00914548 /* PBXTargetDependency */,
			);
			name = "Is It PrimeTests";
			productName = "Is It PrimeTests";
			productReference = 5E7C4D351B2A0DED00914548 /* Is It PrimeTests.xctest */;
			productType = "com.apple.product-type.bundle.unit-test";
		};
/* End PBXNativeTarget section */

/* Begin PBXProject section */
		5E7C4D181B2A0DED00914548 /* Project object */ = {
			isa = PBXProject;
			attributes = {
				LastUpgradeCheck = 0630;
				ORGANIZATIONNAME = TahaAbbasi;
				TargetAttributes = {
					5E7C4D1F1B2A0DED00914548 = {
						CreatedOnToolsVersion = 6.3.2;
					};
					5E7C4D341B2A0DED00914548 = {
						CreatedOnToolsVersion = 6.3.2;
						TestTargetID = 5E7C4D1F1B2A0DED00914548;
					};
				};
			};
			buildConfigurationList = 5E7C4D1B1B2A0DED00914548 /* Build configuration list for PBXProject "Is It Prime" */;
			compatibilityVersion = "Xcode 3.2";
			developmentRegion = English;
			hasScannedForEncodings = 0;
			knownRegions = (
				en,
				Base,
			);
			mainGroup = 5E7C4D171B2A0DED00914548;
			productRefGroup = 5E7C4D211B2A0DED00914548 /* Products */;
			projectDirPath = "";
			projectRoot = "";
			targets = (
				5E7C4D1F1B2A0DED00914548 /* Is It Prime */,
				5E7C4D341B2A0DED00914548 /* Is It PrimeTests */,
			);
		};
/* End PBXProject section */

/* Begin PBXResourcesBuildPhase section */
		5E7C4D1E1B2A0DED00914548 /* Resources */ = {
			isa = PBXResourcesBuildPhase;
			buildActionMask = 2147483647;
			files = (
				5E7C4D2B1B2A0DED00914548 /* Main.storyboard in Resources */,
				5E7C4D2D1B2A0DED00914548 /* Images.xcassets in Resources */,
				5E7C4D461B2A20FE00914548 /* Launch Screen.xib in Resources */,
			);
			runOnlyForDeploymentPostprocessing = 0;
		};
		5E7C4D331B2A0DED00914548 /* Resources */ = {
			isa = PBXResourcesBuildPhase;
			buildActionMask = 2147483647;
			files = (
			);
			runOnlyForDeploymentPostprocessing = 0;
		};
/* End PBXResourcesBuildPhase section */

/* Begin PBXSourcesBuildPhase section */
		5E7C4D1C1B2A0DED00914548 /* Sources */ = {
			isa = PBXSourcesBuildPhase;
			buildActionMask = 2147483647;
			files = (
				5E7C4D281B2A0DED00914548 /* ViewController.swift in Sources */,
				5E7C4D261B2A0DED00914548 /* AppDelegate.swift in Sources */,
			);
			runOnlyForDeploymentPostprocessing = 0;
		};
		5E7C4D311B2A0DED00914548 /* Sources */ = {
			isa = PBXSourcesBuildPhase;
			buildActionMask = 2147483647;
			files = (
				5E7C4D3C1B2A0DED00914548 /* Is_It_PrimeTests.swift in Sources */,
			);
			runOnlyForDeploymentPostprocessing = 0;
		};
/* End PBXSourcesBuildPhase section */

/* Begin PBXTargetDependency section */
		5E7C4D371B2A0DED00914548 /* PBXTargetDependency */ = {
			isa = PBXTargetDependency;
			target = 5E7C4D1F1B2A0DED00914548 /* Is It Prime */;
			targetProxy = 5E7C4D361B2A0DED00914548 /* PBXContainerItemProxy */;
		};
/* End PBXTargetDependency section */

/* Begin PBXVariantGroup section */
		5E7C4D291B2A0DED00914548 /* Main.storyboard */ = {
			isa = PBXVariantGroup;
			children = (
				5E7C4D2A1B2A0DED00914548 /* Base */,
			);
			name = Main.storyboard;
			sourceTree = "<group>";
		};
/* End PBXVariantGroup section */

/* Begin XCBuildConfiguration section */
		5E7C4D3D1B2A0DED00914548 /* Debug */ = {
			isa = XCBuildConfiguration;
			buildSettings = {
				ALWAYS_SEARCH_USER_PATHS = NO;
				CLANG_CXX_LANGUAGE_STANDARD = "gnu++0x";
				CLANG_CXX_LIBRARY = "libc++";
				CLANG_ENABLE_MODULES = YES;
				CLANG_ENABLE_OBJC_ARC = YES;
				CLANG_WARN_BOOL_CONVERSION = YES;
				CLANG_WARN_CONSTANT_CONVERSION = YES;
				CLANG_WARN_DIRECT_OBJC_ISA_USAGE = YES_ERROR;
				CLANG_WARN_EMPTY_BODY = YES;
				CLANG_WARN_ENUM_CONVERSION = YES;
				CLANG_WARN_INT_CONVERSION = YES;
				CLANG_WARN_OBJC_ROOT_CLASS = YES_ERROR;
				CLANG_WARN_UNREACHABLE_CODE = YES;
				CLANG_WARN__DUPLICATE_METHOD_MATCH = YES;
				"CODE_SIGN_IDENTITY[sdk=iphoneos*]" = "iPhone Developer";
				COPY_PHASE_STRIP = NO;
				DEBUG_INFORMATION_FORMAT = "dwarf-with-dsym";
				ENABLE_STRICT_OBJC_MSGSEND = YES;
				GCC_C_LANGUAGE_STANDARD = gnu99;
				GCC_DYNAMIC_NO_PIC = NO;
				GCC_NO_COMMON_BLOCKS = YES;
				GCC_OPTIMIZATION_LEVEL = 0;
				GCC_PREPROCESSOR_DEFINITIONS = (
					"DEBUG=1",
					"$(inherited)",
				);
				GCC_SYMBOLS_PRIVATE_EXTERN = NO;
				GCC_WARN_64_TO_32_BIT_CONVERSION = YES;
				GCC_WARN_ABOUT_RETURN_TYPE = YES_ERROR;
				GCC_WARN_UNDECLARED_SELECTOR = YES;
				GCC_WARN_UNINITIALIZED_AUTOS = YES_AGGRESSIVE;
				GCC_WARN_UNUSED_FUNCTION = YES;
				GCC_WARN_UNUSED_VARIABLE = YES;
				IPHONEOS_DEPLOYMENT_TARGET = 8.3;
				MTL_ENABLE_DEBUG_INFO = YES;
				ONLY_ACTIVE_ARCH = YES;
				SDKROOT = iphoneos;
				SWIFT_OPTIMIZATION_LEVEL = "-Onone";
			};
			name = Debug;
		};
		5E7C4D3E1B2A0DED00914548 /* Release */ = {
			isa = XCBuildConfiguration;
			buildSettings = {
				ALWAYS_SEARCH_USER_PATHS = NO;
				CLANG_CXX_LANGUAGE_STANDARD = "gnu++0x";
				CLANG_CXX_LIBRARY = "libc++";
				CLANG_ENABLE_MODULES = YES;
				CLANG_ENABLE_OBJC_ARC = YES;
				CLANG_WARN_BOOL_CONVERSION = YES;
				CLANG_WARN_CONSTANT_CONVERSION = YES;
				CLANG_WARN_DIRECT_OBJC_ISA_USAGE = YES_ERROR;
				CLANG_WARN_EMPTY_BODY = YES;
				CLANG_WARN_ENUM_CONVERSION = YES;
				CLANG_WARN_INT_CONVERSION = YES;
				CLANG_WARN_OBJC_ROOT_CLASS = YES_ERROR;
				CLANG_WARN_UNREACHABLE_CODE = YES;
				CLANG_WARN__DUPLICATE_METHOD_MATCH = YES;
				"CODE_SIGN_IDENTITY[sdk=iphoneos*]" = "iPhone Developer";
				COPY_PHASE_STRIP = NO;
				DEBUG_INFORMATION_FORMAT = "dwarf-with-dsym";
				ENABLE_NS_ASSERTIONS = NO;
				ENABLE_STRICT_OBJC_MSGSEND = YES;
				GCC_C_LANGUAGE_STANDARD = gnu99;
				GCC_NO_COMMON_BLOCKS = YES;
				GCC_WARN_64_TO_32_BIT_CONVERSION = YES;
				GCC_WARN_ABOUT_RETURN_TYPE = YES_ERROR;
				GCC_WARN_UNDECLARED_SELECTOR = YES;
				GCC_WARN_UNINITIALIZED_AUTOS = YES_AGGRESSIVE;
				GCC_WARN_UNUSED_FUNCTION = YES;
				GCC_WARN_UNUSED_VARIABLE = YES;
				IPHONEOS_DEPLOYMENT_TARGET = 8.3;
				MTL_ENABLE_DEBUG_INFO = NO;
				SDKROOT = iphoneos;
				VALIDATE_PRODUCT = YES;
			};
			name = Release;
		};
		5E7C4D401B2A0DED00914548 /* Debug */ = {
			isa = XCBuildConfiguration;
			buildSettings = {
				ASSETCATALOG_COMPILER_APPICON_NAME = AppIcon;
				ASSETCATALOG_COMPILER_LAUNCHIMAGE_NAME = LaunchImage;
				INFOPLIST_FILE = "Is It Prime/Info.plist";
				LD_RUNPATH_SEARCH_PATHS = "$(inherited) @executable_path/Frameworks";
				PRODUCT_NAME = "$(TARGET_NAME)";
			};
			name = Debug;
		};
		5E7C4D411B2A0DED00914548 /* Release */ = {
			isa = XCBuildConfiguration;
			buildSettings = {
				ASSETCATALOG_COMPILER_APPICON_NAME = AppIcon;
				ASSETCATALOG_COMPILER_LAUNCHIMAGE_NAME = LaunchImage;
				INFOPLIST_FILE = "Is It Prime/Info.plist";
				LD_RUNPATH_SEARCH_PATHS = "$(inherited) @executable_path/Frameworks";
				PRODUCT_NAME = "$(TARGET_NAME)";
			};
			name = Release;
		};
		5E7C4D431B2A0DED00914548 /* Debug */ = {
			isa = XCBuildConfiguration;
			buildSettings = {
				BUNDLE_LOADER = "$(TEST_HOST)";
				FRAMEWORK_SEARCH_PATHS = (
					"$(SDKROOT)/Developer/Library/Frameworks",
					"$(inherited)",
				);
				GCC_PREPROCESSOR_DEFINITIONS = (
					"DEBUG=1",
					"$(inherited)",
				);
				INFOPLIST_FILE = "Is It PrimeTests/Info.plist";
				LD_RUNPATH_SEARCH_PATHS = "$(inherited) @executable_path/Frameworks @loader_path/Frameworks";
				PRODUCT_NAME = "$(TARGET_NAME)";
				TEST_HOST = "$(BUILT_PRODUCTS_DIR)/Is It Prime.app/Is It Prime";
			};
			name = Debug;
		};
		5E7C4D441B2A0DED00914548 /* Release */ = {
			isa = XCBuildConfiguration;
			buildSettings = {
				BUNDLE_LOADER = "$(TEST_HOST)";
				FRAMEWORK_SEARCH_PATHS = (
					"$(SDKROOT)/Developer/Library/Frameworks",
					"$(inherited)",
				);
				INFOPLIST_FILE = "Is It PrimeTests/Info.plist";
				LD_RUNPATH_SEARCH_PATHS = "$(inherited) @executable_path/Frameworks @loader_path/Frameworks";
				PRODUCT_NAME = "$(TARGET_NAME)";
				TEST_HOST = "$(BUILT_PRODUCTS_DIR)/Is It Prime.app/Is It Prime";
			};
			name = Release;
		};
/* End XCBuildConfiguration section */

/* Begin XCConfigurationList section */
		5E7C4D1B1B2A0DED00914548 /* Build configuration list for PBXProject "Is It Prime" */ = {
			isa = XCConfigurationList;
			buildConfigurations = (
				5E7C4D3D1B2A0DED00914548 /* Debug */,
				5E7C4D3E1B2A0DED00914548 /* Release */,
			);
			defaultConfigurationIsVisible = 0;
			defaultConfigurationName = Release;
		};
		5E7C4D3F1B2A0DED00914548 /* Build configuration list for PBXNativeTarget "Is It Prime" */ = {
			isa = XCConfigurationList;
			buildConfigurations = (
				5E7C4D401B2A0DED00914548 /* Debug */,
				5E7C4D411B2A0DED00914548 /* Release */,
			);
			defaultConfigurationIsVisible = 0;
		};
		5E7C4D421B2A0DED00914548 /* Build configuration list for PBXNativeTarget "Is It PrimeTests" */ = {
			isa = XCConfigurationList;
			buildConfigurations = (
				5E7C4D431B2A0DED00914548 /* Debug */,
				5E7C4D441B2A0DED00914548 /* Release */,
			);
			defaultConfigurationIsVisible = 0;
		};
/* End XCConfigurationList section */
	};
	rootObject = 5E7C4D181B2A0DED00914548 /* Project object */;
}
