// !$*UTF8*$!
{
	archiveVersion = 1;
	classes = {
	};
	objectVersion = 46;
	objects = {

/* Begin PBXBuildFile section */
		5E00617F1B4384F1002E5B4E /* FactBookSwift.swift in Sources */ = {isa = PBXBuildFile; fileRef = 5E00617E1B4384F1002E5B4E /* FactBookSwift.swift */; };
		5E2551771B4EB59A004D94DF /* JokesViewController.swift in Sources */ = {isa = PBXBuildFile; fileRef = 5E2551761B4EB59A004D94DF /* JokesViewController.swift */; };
		5E41454E1B3C64450069C6BB /* RandomGenerator.swift in Sources */ = {isa = PBXBuildFile; fileRef = 5E41454D1B3C64450069C6BB /* RandomGenerator.swift */; };
		5E4145511B3C92A10069C6BB /* AlertView.swift in Sources */ = {isa = PBXBuildFile; fileRef = 5E4145501B3C92A10069C6BB /* AlertView.swift */; };
		5E41455F1B3CE62F0069C6BB /* ColorWheel.swift in Sources */ = {isa = PBXBuildFile; fileRef = 5E41455E1B3CE62F0069C6BB /* ColorWheel.swift */; };
		5E93C2301AF91EDF003C2D50 /* main.m in Sources */ = {isa = PBXBuildFile; fileRef = 5E93C22F1AF91EDF003C2D50 /* main.m */; };
		5E93C2331AF91EDF003C2D50 /* AppDelegate.m in Sources */ = {isa = PBXBuildFile; fileRef = 5E93C2321AF91EDF003C2D50 /* AppDelegate.m */; };
		5E93C2391AF91EDF003C2D50 /* Main.storyboard in Resources */ = {isa = PBXBuildFile; fileRef = 5E93C2371AF91EDF003C2D50 /* Main.storyboard */; };
		5E93C23B1AF91EDF003C2D50 /* Images.xcassets in Resources */ = {isa = PBXBuildFile; fileRef = 5E93C23A1AF91EDF003C2D50 /* Images.xcassets */; };
		5E93C23E1AF91EDF003C2D50 /* LaunchScreen.xib in Resources */ = {isa = PBXBuildFile; fileRef = 5E93C23C1AF91EDF003C2D50 /* LaunchScreen.xib */; };
		5E93C24A1AF91EDF003C2D50 /* DidYouKnowTests.m in Sources */ = {isa = PBXBuildFile; fileRef = 5E93C2491AF91EDF003C2D50 /* DidYouKnowTests.m */; };
		5E9686A21B4E2BA300D39BD0 /* RandomFactViewController.swift in Sources */ = {isa = PBXBuildFile; fileRef = 5E9686A11B4E2BA300D39BD0 /* RandomFactViewController.swift */; };
		5E9686A41B4E512200D39BD0 /* StemFactsViewController.swift in Sources */ = {isa = PBXBuildFile; fileRef = 5E9686A31B4E512200D39BD0 /* StemFactsViewController.swift */; };
		5E9686A61B4E56EF00D39BD0 /* EngineeringMemesViewController.swift in Sources */ = {isa = PBXBuildFile; fileRef = 5E9686A51B4E56EF00D39BD0 /* EngineeringMemesViewController.swift */; };
		5E9686A81B4E5A2600D39BD0 /* MainViewController.swift in Sources */ = {isa = PBXBuildFile; fileRef = 5E9686A71B4E5A2600D39BD0 /* MainViewController.swift */; };
/* End PBXBuildFile section */

/* Begin PBXContainerItemProxy section */
		5E93C2441AF91EDF003C2D50 /* PBXContainerItemProxy */ = {
			isa = PBXContainerItemProxy;
			containerPortal = 5E93C2221AF91EDF003C2D50 /* Project object */;
			proxyType = 1;
			remoteGlobalIDString = 5E93C2291AF91EDF003C2D50;
			remoteInfo = DidYouKnow;
		};
/* End PBXContainerItemProxy section */

/* Begin PBXFileReference section */
		5E00617E1B4384F1002E5B4E /* FactBookSwift.swift */ = {isa = PBXFileReference; fileEncoding = 4; lastKnownFileType = sourcecode.swift; path = FactBookSwift.swift; sourceTree = "<group>"; };
		5E2551761B4EB59A004D94DF /* JokesViewController.swift */ = {isa = PBXFileReference; fileEncoding = 4; lastKnownFileType = sourcecode.swift; path = JokesViewController.swift; sourceTree = "<group>"; };
		5E4145471B3C4EA50069C6BB /* DidYouKnow-Bridging-Header.h */ = {isa = PBXFileReference; lastKnownFileType = sourcecode.c.h; path = "DidYouKnow-Bridging-Header.h"; sourceTree = "<group>"; };
		5E41454D1B3C64450069C6BB /* RandomGenerator.swift */ = {isa = PBXFileReference; fileEncoding = 4; lastKnownFileType = sourcecode.swift; path = RandomGenerator.swift; sourceTree = "<group>"; };
		5E4145501B3C92A10069C6BB /* AlertView.swift */ = {isa = PBXFileReference; fileEncoding = 4; lastKnownFileType = sourcecode.swift; path = AlertView.swift; sourceTree = "<group>"; };
		5E41455E1B3CE62F0069C6BB /* ColorWheel.swift */ = {isa = PBXFileReference; fileEncoding = 4; lastKnownFileType = sourcecode.swift; path = ColorWheel.swift; sourceTree = "<group>"; };
		5E93C22A1AF91EDF003C2D50 /* DidYouKnow.app */ = {isa = PBXFileReference; explicitFileType = wrapper.application; includeInIndex = 0; path = DidYouKnow.app; sourceTree = BUILT_PRODUCTS_DIR; };
		5E93C22E1AF91EDF003C2D50 /* Info.plist */ = {isa = PBXFileReference; lastKnownFileType = text.plist.xml; path = Info.plist; sourceTree = "<group>"; };
		5E93C22F1AF91EDF003C2D50 /* main.m */ = {isa = PBXFileReference; lastKnownFileType = sourcecode.c.objc; path = main.m; sourceTree = "<group>"; };
		5E93C2311AF91EDF003C2D50 /* AppDelegate.h */ = {isa = PBXFileReference; lastKnownFileType = sourcecode.c.h; path = AppDelegate.h; sourceTree = "<group>"; };
		5E93C2321AF91EDF003C2D50 /* AppDelegate.m */ = {isa = PBXFileReference; lastKnownFileType = sourcecode.c.objc; path = AppDelegate.m; sourceTree = "<group>"; };
		5E93C2381AF91EDF003C2D50 /* Base */ = {isa = PBXFileReference; lastKnownFileType = file.storyboard; name = Base; path = Base.lproj/Main.storyboard; sourceTree = "<group>"; };
		5E93C23A1AF91EDF003C2D50 /* Images.xcassets */ = {isa = PBXFileReference; lastKnownFileType = folder.assetcatalog; path = Images.xcassets; sourceTree = "<group>"; };
		5E93C23D1AF91EDF003C2D50 /* Base */ = {isa = PBXFileReference; lastKnownFileType = file.xib; name = Base; path = Base.lproj/LaunchScreen.xib; sourceTree = "<group>"; };
		5E93C2431AF91EDF003C2D50 /* DidYouKnowTests.xctest */ = {isa = PBXFileReference; explicitFileType = wrapper.cfbundle; includeInIndex = 0; path = DidYouKnowTests.xctest; sourceTree = BUILT_PRODUCTS_DIR; };
		5E93C2481AF91EDF003C2D50 /* Info.plist */ = {isa = PBXFileReference; lastKnownFileType = text.plist.xml; path = Info.plist; sourceTree = "<group>"; };
		5E93C2491AF91EDF003C2D50 /* DidYouKnowTests.m */ = {isa = PBXFileReference; lastKnownFileType = sourcecode.c.objc; path = DidYouKnowTests.m; sourceTree = "<group>"; };
		5E9686A11B4E2BA300D39BD0 /* RandomFactViewController.swift */ = {isa = PBXFileReference; fileEncoding = 4; lastKnownFileType = sourcecode.swift; path = RandomFactViewController.swift; sourceTree = "<group>"; };
		5E9686A31B4E512200D39BD0 /* StemFactsViewController.swift */ = {isa = PBXFileReference; fileEncoding = 4; lastKnownFileType = sourcecode.swift; path = StemFactsViewController.swift; sourceTree = "<group>"; };
		5E9686A51B4E56EF00D39BD0 /* EngineeringMemesViewController.swift */ = {isa = PBXFileReference; fileEncoding = 4; lastKnownFileType = sourcecode.swift; path = EngineeringMemesViewController.swift; sourceTree = "<group>"; };
		5E9686A71B4E5A2600D39BD0 /* MainViewController.swift */ = {isa = PBXFileReference; fileEncoding = 4; lastKnownFileType = sourcecode.swift; path = MainViewController.swift; sourceTree = "<group>"; };
/* End PBXFileReference section */

/* Begin PBXFrameworksBuildPhase section */
		5E93C2271AF91EDF003C2D50 /* Frameworks */ = {
			isa = PBXFrameworksBuildPhase;
			buildActionMask = 2147483647;
			files = (
			);
			runOnlyForDeploymentPostprocessing = 0;
		};
		5E93C2401AF91EDF003C2D50 /* Frameworks */ = {
			isa = PBXFrameworksBuildPhase;
			buildActionMask = 2147483647;
			files = (
			);
			runOnlyForDeploymentPostprocessing = 0;
		};
/* End PBXFrameworksBuildPhase section */

/* Begin PBXGroup section */
		5E3F34B21B4E6A70002CFC2E /* ui */ = {
			isa = PBXGroup;
			children = (
				5E9686A71B4E5A2600D39BD0 /* MainViewController.swift */,
				5E9686A11B4E2BA300D39BD0 /* RandomFactViewController.swift */,
				5E9686A31B4E512200D39BD0 /* StemFactsViewController.swift */,
				5E9686A51B4E56EF00D39BD0 /* EngineeringMemesViewController.swift */,
				5E2551761B4EB59A004D94DF /* JokesViewController.swift */,
			);
			name = ui;
			sourceTree = "<group>";
		};
		5E541C901AFA6F5B00345E8B /* model */ = {
			isa = PBXGroup;
			children = (
				5E4145501B3C92A10069C6BB /* AlertView.swift */,
				5E41454D1B3C64450069C6BB /* RandomGenerator.swift */,
				5E41455E1B3CE62F0069C6BB /* ColorWheel.swift */,
				5E00617E1B4384F1002E5B4E /* FactBookSwift.swift */,
			);
			name = model;
			sourceTree = "<group>";
		};
		5E93C2211AF91EDF003C2D50 = {
			isa = PBXGroup;
			children = (
				5E93C22C1AF91EDF003C2D50 /* DidYouKnow */,
				5E93C2461AF91EDF003C2D50 /* DidYouKnowTests */,
				5E93C22B1AF91EDF003C2D50 /* Products */,
			);
			sourceTree = "<group>";
		};
		5E93C22B1AF91EDF003C2D50 /* Products */ = {
			isa = PBXGroup;
			children = (
				5E93C22A1AF91EDF003C2D50 /* DidYouKnow.app */,
				5E93C2431AF91EDF003C2D50 /* DidYouKnowTests.xctest */,
			);
			name = Products;
			sourceTree = "<group>";
		};
		5E93C22C1AF91EDF003C2D50 /* DidYouKnow */ = {
			isa = PBXGroup;
			children = (
				5E3F34B21B4E6A70002CFC2E /* ui */,
				5E541C901AFA6F5B00345E8B /* model */,
				5E93C2311AF91EDF003C2D50 /* AppDelegate.h */,
				5E93C2321AF91EDF003C2D50 /* AppDelegate.m */,
				5E4145471B3C4EA50069C6BB /* DidYouKnow-Bridging-Header.h */,
				5E93C2371AF91EDF003C2D50 /* Main.storyboard */,
				5E93C23A1AF91EDF003C2D50 /* Images.xcassets */,
				5E93C23C1AF91EDF003C2D50 /* LaunchScreen.xib */,
				5E93C22D1AF91EDF003C2D50 /* Supporting Files */,
			);
			path = DidYouKnow;
			sourceTree = "<group>";
		};
		5E93C22D1AF91EDF003C2D50 /* Supporting Files */ = {
			isa = PBXGroup;
			children = (
				5E93C22E1AF91EDF003C2D50 /* Info.plist */,
				5E93C22F1AF91EDF003C2D50 /* main.m */,
			);
			name = "Supporting Files";
			sourceTree = "<group>";
		};
		5E93C2461AF91EDF003C2D50 /* DidYouKnowTests */ = {
			isa = PBXGroup;
			children = (
				5E93C2491AF91EDF003C2D50 /* DidYouKnowTests.m */,
				5E93C2471AF91EDF003C2D50 /* Supporting Files */,
			);
			path = DidYouKnowTests;
			sourceTree = "<group>";
		};
		5E93C2471AF91EDF003C2D50 /* Supporting Files */ = {
			isa = PBXGroup;
			children = (
				5E93C2481AF91EDF003C2D50 /* Info.plist */,
			);
			name = "Supporting Files";
			sourceTree = "<group>";
		};
/* End PBXGroup section */

/* Begin PBXNativeTarget section */
		5E93C2291AF91EDF003C2D50 /* DidYouKnow */ = {
			isa = PBXNativeTarget;
			buildConfigurationList = 5E93C24D1AF91EDF003C2D50 /* Build configuration list for PBXNativeTarget "DidYouKnow" */;
			buildPhases = (
				5E93C2261AF91EDF003C2D50 /* Sources */,
				5E93C2271AF91EDF003C2D50 /* Frameworks */,
				5E93C2281AF91EDF003C2D50 /* Resources */,
			);
			buildRules = (
			);
			dependencies = (
			);
			name = DidYouKnow;
			productName = DidYouKnow;
			productReference = 5E93C22A1AF91EDF003C2D50 /* DidYouKnow.app */;
			productType = "com.apple.product-type.application";
		};
		5E93C2421AF91EDF003C2D50 /* DidYouKnowTests */ = {
			isa = PBXNativeTarget;
			buildConfigurationList = 5E93C2501AF91EDF003C2D50 /* Build configuration list for PBXNativeTarget "DidYouKnowTests" */;
			buildPhases = (
				5E93C23F1AF91EDF003C2D50 /* Sources */,
				5E93C2401AF91EDF003C2D50 /* Frameworks */,
				5E93C2411AF91EDF003C2D50 /* Resources */,
			);
			buildRules = (
			);
			dependencies = (
				5E93C2451AF91EDF003C2D50 /* PBXTargetDependency */,
			);
			name = DidYouKnowTests;
			productName = DidYouKnowTests;
			productReference = 5E93C2431AF91EDF003C2D50 /* DidYouKnowTests.xctest */;
			productType = "com.apple.product-type.bundle.unit-test";
		};
/* End PBXNativeTarget section */

/* Begin PBXProject section */
		5E93C2221AF91EDF003C2D50 /* Project object */ = {
			isa = PBXProject;
			attributes = {
				LastUpgradeCheck = 0630;
				ORGANIZATIONNAME = TahaAbbasi;
				TargetAttributes = {
					5E93C2291AF91EDF003C2D50 = {
						CreatedOnToolsVersion = 6.3.1;
						DevelopmentTeam = BDVAQUWX8W;
					};
					5E93C2421AF91EDF003C2D50 = {
						CreatedOnToolsVersion = 6.3.1;
						TestTargetID = 5E93C2291AF91EDF003C2D50;
					};
				};
			};
			buildConfigurationList = 5E93C2251AF91EDF003C2D50 /* Build configuration list for PBXProject "DidYouKnow" */;
			compatibilityVersion = "Xcode 3.2";
			developmentRegion = English;
			hasScannedForEncodings = 0;
			knownRegions = (
				en,
				Base,
			);
			mainGroup = 5E93C2211AF91EDF003C2D50;
			productRefGroup = 5E93C22B1AF91EDF003C2D50 /* Products */;
			projectDirPath = "";
			projectRoot = "";
			targets = (
				5E93C2291AF91EDF003C2D50 /* DidYouKnow */,
				5E93C2421AF91EDF003C2D50 /* DidYouKnowTests */,
			);
		};
/* End PBXProject section */

/* Begin PBXResourcesBuildPhase section */
		5E93C2281AF91EDF003C2D50 /* Resources */ = {
			isa = PBXResourcesBuildPhase;
			buildActionMask = 2147483647;
			files = (
				5E93C2391AF91EDF003C2D50 /* Main.storyboard in Resources */,
				5E93C23E1AF91EDF003C2D50 /* LaunchScreen.xib in Resources */,
				5E93C23B1AF91EDF003C2D50 /* Images.xcassets in Resources */,
			);
			runOnlyForDeploymentPostprocessing = 0;
		};
		5E93C2411AF91EDF003C2D50 /* Resources */ = {
			isa = PBXResourcesBuildPhase;
			buildActionMask = 2147483647;
			files = (
			);
			runOnlyForDeploymentPostprocessing = 0;
		};
/* End PBXResourcesBuildPhase section */

/* Begin PBXSourcesBuildPhase section */
		5E93C2261AF91EDF003C2D50 /* Sources */ = {
			isa = PBXSourcesBuildPhase;
			buildActionMask = 2147483647;
			files = (
				5E41455F1B3CE62F0069C6BB /* ColorWheel.swift in Sources */,
				5E9686A41B4E512200D39BD0 /* StemFactsViewController.swift in Sources */,
				5E41454E1B3C64450069C6BB /* RandomGenerator.swift in Sources */,
				5E93C2331AF91EDF003C2D50 /* AppDelegate.m in Sources */,
				5E2551771B4EB59A004D94DF /* JokesViewController.swift in Sources */,
				5E9686A61B4E56EF00D39BD0 /* EngineeringMemesViewController.swift in Sources */,
				5E00617F1B4384F1002E5B4E /* FactBookSwift.swift in Sources */,
				5E4145511B3C92A10069C6BB /* AlertView.swift in Sources */,
				5E9686A21B4E2BA300D39BD0 /* RandomFactViewController.swift in Sources */,
				5E93C2301AF91EDF003C2D50 /* main.m in Sources */,
				5E9686A81B4E5A2600D39BD0 /* MainViewController.swift in Sources */,
			);
			runOnlyForDeploymentPostprocessing = 0;
		};
		5E93C23F1AF91EDF003C2D50 /* Sources */ = {
			isa = PBXSourcesBuildPhase;
			buildActionMask = 2147483647;
			files = (
				5E93C24A1AF91EDF003C2D50 /* DidYouKnowTests.m in Sources */,
			);
			runOnlyForDeploymentPostprocessing = 0;
		};
/* End PBXSourcesBuildPhase section */

/* Begin PBXTargetDependency section */
		5E93C2451AF91EDF003C2D50 /* PBXTargetDependency */ = {
			isa = PBXTargetDependency;
			target = 5E93C2291AF91EDF003C2D50 /* DidYouKnow */;
			targetProxy = 5E93C2441AF91EDF003C2D50 /* PBXContainerItemProxy */;
		};
/* End PBXTargetDependency section */

/* Begin PBXVariantGroup section */
		5E93C2371AF91EDF003C2D50 /* Main.storyboard */ = {
			isa = PBXVariantGroup;
			children = (
				5E93C2381AF91EDF003C2D50 /* Base */,
			);
			name = Main.storyboard;
			sourceTree = "<group>";
		};
		5E93C23C1AF91EDF003C2D50 /* LaunchScreen.xib */ = {
			isa = PBXVariantGroup;
			children = (
				5E93C23D1AF91EDF003C2D50 /* Base */,
			);
			name = LaunchScreen.xib;
			sourceTree = "<group>";
		};
/* End PBXVariantGroup section */

/* Begin XCBuildConfiguration section */
		5E93C24B1AF91EDF003C2D50 /* Debug */ = {
			isa = XCBuildConfiguration;
			buildSettings = {
				ALWAYS_SEARCH_USER_PATHS = NO;
				CLANG_CXX_LANGUAGE_STANDARD = "gnu++0x";
				CLANG_CXX_LIBRARY = "libc++";
				CLANG_ENABLE_MODULES = YES;
				CLANG_ENABLE_OBJC_ARC = YES;
				CLANG_WARN_BOOL_CONVERSION = YES;
				CLANG_WARN_CONSTANT_CONVERSION = YES;
				CLANG_WARN_DIRECT_OBJC_ISA_USAGE = YES_ERROR;
				CLANG_WARN_EMPTY_BODY = YES;
				CLANG_WARN_ENUM_CONVERSION = YES;
				CLANG_WARN_INT_CONVERSION = YES;
				CLANG_WARN_OBJC_ROOT_CLASS = YES_ERROR;
				CLANG_WARN_UNREACHABLE_CODE = YES;
				CLANG_WARN__DUPLICATE_METHOD_MATCH = YES;
				"CODE_SIGN_IDENTITY[sdk=iphoneos*]" = "iPhone Developer";
				COPY_PHASE_STRIP = NO;
				DEBUG_INFORMATION_FORMAT = "dwarf-with-dsym";
				ENABLE_STRICT_OBJC_MSGSEND = YES;
				GCC_C_LANGUAGE_STANDARD = gnu99;
				GCC_DYNAMIC_NO_PIC = NO;
				GCC_NO_COMMON_BLOCKS = YES;
				GCC_OPTIMIZATION_LEVEL = 0;
				GCC_PREPROCESSOR_DEFINITIONS = (
					"DEBUG=1",
					"$(inherited)",
				);
				GCC_SYMBOLS_PRIVATE_EXTERN = NO;
				GCC_WARN_64_TO_32_BIT_CONVERSION = YES;
				GCC_WARN_ABOUT_RETURN_TYPE = YES_ERROR;
				GCC_WARN_UNDECLARED_SELECTOR = YES;
				GCC_WARN_UNINITIALIZED_AUTOS = YES_AGGRESSIVE;
				GCC_WARN_UNUSED_FUNCTION = YES;
				GCC_WARN_UNUSED_VARIABLE = YES;
				IPHONEOS_DEPLOYMENT_TARGET = 8.3;
				MTL_ENABLE_DEBUG_INFO = YES;
				ONLY_ACTIVE_ARCH = YES;
				SDKROOT = iphoneos;
			};
			name = Debug;
		};
		5E93C24C1AF91EDF003C2D50 /* Release */ = {
			isa = XCBuildConfiguration;
			buildSettings = {
				ALWAYS_SEARCH_USER_PATHS = NO;
				CLANG_CXX_LANGUAGE_STANDARD = "gnu++0x";
				CLANG_CXX_LIBRARY = "libc++";
				CLANG_ENABLE_MODULES = YES;
				CLANG_ENABLE_OBJC_ARC = YES;
				CLANG_WARN_BOOL_CONVERSION = YES;
				CLANG_WARN_CONSTANT_CONVERSION = YES;
				CLANG_WARN_DIRECT_OBJC_ISA_USAGE = YES_ERROR;
				CLANG_WARN_EMPTY_BODY = YES;
				CLANG_WARN_ENUM_CONVERSION = YES;
				CLANG_WARN_INT_CONVERSION = YES;
				CLANG_WARN_OBJC_ROOT_CLASS = YES_ERROR;
				CLANG_WARN_UNREACHABLE_CODE = YES;
				CLANG_WARN__DUPLICATE_METHOD_MATCH = YES;
				"CODE_SIGN_IDENTITY[sdk=iphoneos*]" = "iPhone Developer";
				COPY_PHASE_STRIP = NO;
				DEBUG_INFORMATION_FORMAT = "dwarf-with-dsym";
				ENABLE_NS_ASSERTIONS = NO;
				ENABLE_STRICT_OBJC_MSGSEND = YES;
				GCC_C_LANGUAGE_STANDARD = gnu99;
				GCC_NO_COMMON_BLOCKS = YES;
				GCC_WARN_64_TO_32_BIT_CONVERSION = YES;
				GCC_WARN_ABOUT_RETURN_TYPE = YES_ERROR;
				GCC_WARN_UNDECLARED_SELECTOR = YES;
				GCC_WARN_UNINITIALIZED_AUTOS = YES_AGGRESSIVE;
				GCC_WARN_UNUSED_FUNCTION = YES;
				GCC_WARN_UNUSED_VARIABLE = YES;
				IPHONEOS_DEPLOYMENT_TARGET = 8.3;
				MTL_ENABLE_DEBUG_INFO = NO;
				SDKROOT = iphoneos;
				VALIDATE_PRODUCT = YES;
			};
			name = Release;
		};
		5E93C24E1AF91EDF003C2D50 /* Debug */ = {
			isa = XCBuildConfiguration;
			buildSettings = {
				ASSETCATALOG_COMPILER_APPICON_NAME = AppIcon;
				CLANG_ENABLE_MODULES = YES;
				CODE_SIGN_IDENTITY = "iPhone Distribution: Taha Abbasi (BDVAQUWX8W)";
				"CODE_SIGN_IDENTITY[sdk=iphoneos*]" = "iPhone Distribution: Taha Abbasi (BDVAQUWX8W)";
				CURRENT_PROJECT_VERSION = 1.1;
				DEFINES_MODULE = NO;
				INFOPLIST_FILE = DidYouKnow/Info.plist;
				LD_RUNPATH_SEARCH_PATHS = "$(inherited) @executable_path/Frameworks";
				PRODUCT_NAME = "$(TARGET_NAME)";
				PROVISIONING_PROFILE = "443c6fd6-4e6e-4854-bab3-11c7fefb679e";
				SWIFT_OBJC_BRIDGING_HEADER = "DidYouKnow/DidYouKnow-Bridging-Header.h";
				SWIFT_OPTIMIZATION_LEVEL = "-Onone";
				VERSIONING_SYSTEM = "apple-generic";
			};
			name = Debug;
		};
		5E93C24F1AF91EDF003C2D50 /* Release */ = {
			isa = XCBuildConfiguration;
			buildSettings = {
				ASSETCATALOG_COMPILER_APPICON_NAME = AppIcon;
				CLANG_ENABLE_MODULES = YES;
				CODE_SIGN_IDENTITY = "iPhone Distribution: Taha Abbasi (BDVAQUWX8W)";
				"CODE_SIGN_IDENTITY[sdk=iphoneos*]" = "iPhone Distribution: Taha Abbasi (BDVAQUWX8W)";
				CURRENT_PROJECT_VERSION = 1.1;
				DEFINES_MODULE = NO;
				INFOPLIST_FILE = DidYouKnow/Info.plist;
				LD_RUNPATH_SEARCH_PATHS = "$(inherited) @executable_path/Frameworks";
				PRODUCT_NAME = "$(TARGET_NAME)";
				PROVISIONING_PROFILE = "443c6fd6-4e6e-4854-bab3-11c7fefb679e";
				SWIFT_OBJC_BRIDGING_HEADER = "DidYouKnow/DidYouKnow-Bridging-Header.h";
				VERSIONING_SYSTEM = "apple-generic";
			};
			name = Release;
		};
		5E93C2511AF91EDF003C2D50 /* Debug */ = {
			isa = XCBuildConfiguration;
			buildSettings = {
				BUNDLE_LOADER = "$(TEST_HOST)";
				FRAMEWORK_SEARCH_PATHS = (
					"$(SDKROOT)/Developer/Library/Frameworks",
					"$(inherited)",
				);
				GCC_PREPROCESSOR_DEFINITIONS = (
					"DEBUG=1",
					"$(inherited)",
				);
				INFOPLIST_FILE = DidYouKnowTests/Info.plist;
				LD_RUNPATH_SEARCH_PATHS = "$(inherited) @executable_path/Frameworks @loader_path/Frameworks";
				PRODUCT_NAME = "$(TARGET_NAME)";
				TEST_HOST = "$(BUILT_PRODUCTS_DIR)/DidYouKnow.app/DidYouKnow";
			};
			name = Debug;
		};
		5E93C2521AF91EDF003C2D50 /* Release */ = {
			isa = XCBuildConfiguration;
			buildSettings = {
				BUNDLE_LOADER = "$(TEST_HOST)";
				FRAMEWORK_SEARCH_PATHS = (
					"$(SDKROOT)/Developer/Library/Frameworks",
					"$(inherited)",
				);
				INFOPLIST_FILE = DidYouKnowTests/Info.plist;
				LD_RUNPATH_SEARCH_PATHS = "$(inherited) @executable_path/Frameworks @loader_path/Frameworks";
				PRODUCT_NAME = "$(TARGET_NAME)";
				TEST_HOST = "$(BUILT_PRODUCTS_DIR)/DidYouKnow.app/DidYouKnow";
			};
			name = Release;
		};
/* End XCBuildConfiguration section */

/* Begin XCConfigurationList section */
		5E93C2251AF91EDF003C2D50 /* Build configuration list for PBXProject "DidYouKnow" */ = {
			isa = XCConfigurationList;
			buildConfigurations = (
				5E93C24B1AF91EDF003C2D50 /* Debug */,
				5E93C24C1AF91EDF003C2D50 /* Release */,
			);
			defaultConfigurationIsVisible = 0;
			defaultConfigurationName = Release;
		};
		5E93C24D1AF91EDF003C2D50 /* Build configuration list for PBXNativeTarget "DidYouKnow" */ = {
			isa = XCConfigurationList;
			buildConfigurations = (
				5E93C24E1AF91EDF003C2D50 /* Debug */,
				5E93C24F1AF91EDF003C2D50 /* Release */,
			);
			defaultConfigurationIsVisible = 0;
			defaultConfigurationName = Release;
		};
		5E93C2501AF91EDF003C2D50 /* Build configuration list for PBXNativeTarget "DidYouKnowTests" */ = {
			isa = XCConfigurationList;
			buildConfigurations = (
				5E93C2511AF91EDF003C2D50 /* Debug */,
				5E93C2521AF91EDF003C2D50 /* Release */,
			);
			defaultConfigurationIsVisible = 0;
			defaultConfigurationName = Release;
		};
/* End XCConfigurationList section */
	};
	rootObject = 5E93C2221AF91EDF003C2D50 /* Project object */;
}
